
Microsoft Visual Studio Solution File, Format Version 12.00
# Visual Studio Version 17
VisualStudioVersion = 17.0.31903.59
MinimumVisualStudioVersion = 10.0.40219.1
Project("{FAE04EC0-301F-11D3-BF4B-00C04F79EFBC}") = "Forms.Domain", "Forms.Domain\Forms.Domain.csproj", "{A8372586-DC3D-4AC8-A3E7-FE934CD80B93}"
EndProject
Project("{FAE04EC0-301F-11D3-BF4B-00C04F79EFBC}") = "Forms.Application", "Forms.Application\Forms.Application.csproj", "{9877541E-BEC5-4B22-AC01-090FF5FBAC6A}"
EndProject
Project("{FAE04EC0-301F-11D3-BF4B-00C04F79EFBC}") = "Forms.Infrastructure", "Forms.Infrastructure\Forms.Infrastructure.csproj", "{A6B762C9-C4E0-4542-AB56-8977D3861986}"
EndProject
Project("{FAE04EC0-301F-11D3-BF4B-00C04F79EFBC}") = "Forms.Api", "Forms.Api\Forms.Api.csproj", "{436A1D3C-60B6-48C2-92A9-CDCEF8B7F5E0}"
EndProject
Global
	GlobalSection(SolutionConfigurationPlatforms) = preSolution
		Debug|Any CPU = Debug|Any CPU
		Debug|x64 = Debug|x64
		Debug|x86 = Debug|x86
		Release|Any CPU = Release|Any CPU
		Release|x64 = Release|x64
		Release|x86 = Release|x86
	EndGlobalSection
	GlobalSection(ProjectConfigurationPlatforms) = postSolution
		{A8372586-DC3D-4AC8-A3E7-FE934CD80B93}.Debug|Any CPU.ActiveCfg = Debug|Any CPU
		{A8372586-DC3D-4AC8-A3E7-FE934CD80B93}.Debug|Any CPU.Build.0 = Debug|Any CPU
		{A8372586-DC3D-4AC8-A3E7-FE934CD80B93}.Debug|x64.ActiveCfg = Debug|Any CPU
		{A8372586-DC3D-4AC8-A3E7-FE934CD80B93}.Debug|x64.Build.0 = Debug|Any CPU
		{A8372586-DC3D-4AC8-A3E7-FE934CD80B93}.Debug|x86.ActiveCfg = Debug|Any CPU
		{A8372586-DC3D-4AC8-A3E7-FE934CD80B93}.Debug|x86.Build.0 = Debug|Any CPU
		{A8372586-DC3D-4AC8-A3E7-FE934CD80B93}.Release|Any CPU.ActiveCfg = Release|Any CPU
		{A8372586-DC3D-4AC8-A3E7-FE934CD80B93}.Release|Any CPU.Build.0 = Release|Any CPU
		{A8372586-DC3D-4AC8-A3E7-FE934CD80B93}.Release|x64.ActiveCfg = Release|Any CPU
		{A8372586-DC3D-4AC8-A3E7-FE934CD80B93}.Release|x64.Build.0 = Release|Any CPU
		{A8372586-DC3D-4AC8-A3E7-FE934CD80B93}.Release|x86.ActiveCfg = Release|Any CPU
		{A8372586-DC3D-4AC8-A3E7-FE934CD80B93}.Release|x86.Build.0 = Release|Any CPU
		{9877541E-BEC5-4B22-AC01-090FF5FBAC6A}.Debug|Any CPU.ActiveCfg = Debug|Any CPU
		{9877541E-BEC5-4B22-AC01-090FF5FBAC6A}.Debug|Any CPU.Build.0 = Debug|Any CPU
		{9877541E-BEC5-4B22-AC01-090FF5FBAC6A}.Debug|x64.ActiveCfg = Debug|Any CPU
		{9877541E-BEC5-4B22-AC01-090FF5FBAC6A}.Debug|x64.Build.0 = Debug|Any CPU
		{9877541E-BEC5-4B22-AC01-090FF5FBAC6A}.Debug|x86.ActiveCfg = Debug|Any CPU
		{9877541E-BEC5-4B22-AC01-090FF5FBAC6A}.Debug|x86.Build.0 = Debug|Any CPU
		{9877541E-BEC5-4B22-AC01-090FF5FBAC6A}.Release|Any CPU.ActiveCfg = Release|Any CPU
		{9877541E-BEC5-4B22-AC01-090FF5FBAC6A}.Release|Any CPU.Build.0 = Release|Any CPU
		{9877541E-BEC5-4B22-AC01-090FF5FBAC6A}.Release|x64.ActiveCfg = Release|Any CPU
		{9877541E-BEC5-4B22-AC01-090FF5FBAC6A}.Release|x64.Build.0 = Release|Any CPU
		{9877541E-BEC5-4B22-AC01-090FF5FBAC6A}.Release|x86.ActiveCfg = Release|Any CPU
		{9877541E-BEC5-4B22-AC01-090FF5FBAC6A}.Release|x86.Build.0 = Release|Any CPU
		{A6B762C9-C4E0-4542-AB56-8977D3861986}.Debug|Any CPU.ActiveCfg = Debug|Any CPU
		{A6B762C9-C4E0-4542-AB56-8977D3861986}.Debug|Any CPU.Build.0 = Debug|Any CPU
		{A6B762C9-C4E0-4542-AB56-8977D3861986}.Debug|x64.ActiveCfg = Debug|Any CPU
		{A6B762C9-C4E0-4542-AB56-8977D3861986}.Debug|x64.Build.0 = Debug|Any CPU
		{A6B762C9-C4E0-4542-AB56-8977D3861986}.Debug|x86.ActiveCfg = Debug|Any CPU
		{A6B762C9-C4E0-4542-AB56-8977D3861986}.Debug|x86.Build.0 = Debug|Any CPU
		{A6B762C9-C4E0-4542-AB56-8977D3861986}.Release|Any CPU.ActiveCfg = Release|Any CPU
		{A6B762C9-C4E0-4542-AB56-8977D3861986}.Release|Any CPU.Build.0 = Release|Any CPU
		{A6B762C9-C4E0-4542-AB56-8977D3861986}.Release|x64.ActiveCfg = Release|Any CPU
		{A6B762C9-C4E0-4542-AB56-8977D3861986}.Release|x64.Build.0 = Release|Any CPU
		{A6B762C9-C4E0-4542-AB56-8977D3861986}.Release|x86.ActiveCfg = Release|Any CPU
		{A6B762C9-C4E0-4542-AB56-8977D3861986}.Release|x86.Build.0 = Release|Any CPU
		{436A1D3C-60B6-48C2-92A9-CDCEF8B7F5E0}.Debug|Any CPU.ActiveCfg = Debug|Any CPU
		{436A1D3C-60B6-48C2-92A9-CDCEF8B7F5E0}.Debug|Any CPU.Build.0 = Debug|Any CPU
		{436A1D3C-60B6-48C2-92A9-CDCEF8B7F5E0}.Debug|x64.ActiveCfg = Debug|Any CPU
		{436A1D3C-60B6-48C2-92A9-CDCEF8B7F5E0}.Debug|x64.Build.0 = Debug|Any CPU
		{436A1D3C-60B6-48C2-92A9-CDCEF8B7F5E0}.Debug|x86.ActiveCfg = Debug|Any CPU
		{436A1D3C-60B6-48C2-92A9-CDCEF8B7F5E0}.Debug|x86.Build.0 = Debug|Any CPU
		{436A1D3C-60B6-48C2-92A9-CDCEF8B7F5E0}.Release|Any CPU.ActiveCfg = Release|Any CPU
		{436A1D3C-60B6-48C2-92A9-CDCEF8B7F5E0}.Release|Any CPU.Build.0 = Release|Any CPU
		{436A1D3C-60B6-48C2-92A9-CDCEF8B7F5E0}.Release|x64.ActiveCfg = Release|Any CPU
		{436A1D3C-60B6-48C2-92A9-CDCEF8B7F5E0}.Release|x64.Build.0 = Release|Any CPU
		{436A1D3C-60B6-48C2-92A9-CDCEF8B7F5E0}.Release|x86.ActiveCfg = Release|Any CPU
		{436A1D3C-60B6-48C2-92A9-CDCEF8B7F5E0}.Release|x86.Build.0 = Release|Any CPU
	EndGlobalSection
	GlobalSection(SolutionProperties) = preSolution
		HideSolutionNode = FALSE
	EndGlobalSection
EndGlobal
